
Microsoft Visual Studio Solution File, Format Version 12.00
# Visual Studio Version 17
VisualStudioVersion = 17.7.34221.43
MinimumVisualStudioVersion = 10.0.40219.1
Project("{FAE04EC0-301F-11D3-BF4B-00C04F79EFBC}") = "FormKontrollSystem", "FormKontrollSystem.csproj", "{F53C1F62-39B9-4557-801A-AFAE47B79408}"
EndProject
Global
	GlobalSection(SolutionConfigurationPlatforms) = preSolution
		Debug|Any CPU = Debug|Any CPU
		Release|Any CPU = Release|Any CPU
	EndGlobalSection
	GlobalSection(ProjectConfigurationPlatforms) = postSolution
		{F53C1F62-39B9-4557-801A-AFAE47B79408}.Debug|Any CPU.ActiveCfg = Debug|Any CPU
		{F53C1F62-39B9-4557-801A-AFAE47B79408}.Debug|Any CPU.Build.0 = Debug|Any CPU
		{F53C1F62-39B9-4557-801A-AFAE47B79408}.Release|Any CPU.ActiveCfg = Release|Any CPU
		{F53C1F62-39B9-4557-801A-AFAE47B79408}.Release|Any CPU.Build.0 = Release|Any CPU
	EndGlobalSection
	GlobalSection(SolutionProperties) = preSolution
		HideSolutionNode = FALSE
	EndGlobalSection
	GlobalSection(ExtensibilityGlobals) = postSolution
		SolutionGuid = {45C8BD07-0373-46C6-8C68-8A91B45263A5}
	EndGlobalSection
EndGlobal
